
Microsoft Visual Studio Solution File, Format Version 12.00
# Visual Studio 15
VisualStudioVersion = 15.0.26228.4
MinimumVisualStudioVersion = 10.0.40219.1
Project("{9A19103F-16F7-4668-BE54-9A1E7A4F7556}") = "kandoe_service_image", "kandoe_service_image\kandoe_service_image.csproj", "{4622E8EF-3FE8-4479-B34C-38C4C7437B22}"
EndProject
Project("{9A19103F-16F7-4668-BE54-9A1E7A4F7556}") = "kandoe_service_image_test", "kandoe_service_image_test\kandoe_service_image_test.csproj", "{6D50CF2C-C203-419D-8AA1-20C42C3BDEC2}"
EndProject
Global
	GlobalSection(SolutionConfigurationPlatforms) = preSolution
		Debug|Any CPU = Debug|Any CPU
		Release|Any CPU = Release|Any CPU
	EndGlobalSection
	GlobalSection(ProjectConfigurationPlatforms) = postSolution
		{4622E8EF-3FE8-4479-B34C-38C4C7437B22}.Debug|Any CPU.ActiveCfg = Debug|Any CPU
		{4622E8EF-3FE8-4479-B34C-38C4C7437B22}.Debug|Any CPU.Build.0 = Debug|Any CPU
		{4622E8EF-3FE8-4479-B34C-38C4C7437B22}.Release|Any CPU.ActiveCfg = Release|Any CPU
		{4622E8EF-3FE8-4479-B34C-38C4C7437B22}.Release|Any CPU.Build.0 = Release|Any CPU
		{6D50CF2C-C203-419D-8AA1-20C42C3BDEC2}.Debug|Any CPU.ActiveCfg = Debug|Any CPU
		{6D50CF2C-C203-419D-8AA1-20C42C3BDEC2}.Debug|Any CPU.Build.0 = Debug|Any CPU
		{6D50CF2C-C203-419D-8AA1-20C42C3BDEC2}.Release|Any CPU.ActiveCfg = Release|Any CPU
		{6D50CF2C-C203-419D-8AA1-20C42C3BDEC2}.Release|Any CPU.Build.0 = Release|Any CPU
	EndGlobalSection
	GlobalSection(SolutionProperties) = preSolution
		HideSolutionNode = FALSE
	EndGlobalSection
EndGlobal
